
Microsoft Visual Studio Solution File, Format Version 12.00
# Visual Studio Version 17
VisualStudioVersion = 17.1.32210.238
MinimumVisualStudioVersion = 10.0.40219.1
Project("{FAE04EC0-301F-11D3-BF4B-00C04F79EFBC}") = "mirror words", "mirror words\mirror words.csproj", "{721FAEDE-06F9-4FEE-976A-338A5486EB15}"
EndProject
Global
	GlobalSection(SolutionConfigurationPlatforms) = preSolution
		Debug|Any CPU = Debug|Any CPU
		Release|Any CPU = Release|Any CPU
	EndGlobalSection
	GlobalSection(ProjectConfigurationPlatforms) = postSolution
		{721FAEDE-06F9-4FEE-976A-338A5486EB15}.Debug|Any CPU.ActiveCfg = Debug|Any CPU
		{721FAEDE-06F9-4FEE-976A-338A5486EB15}.Debug|Any CPU.Build.0 = Debug|Any CPU
		{721FAEDE-06F9-4FEE-976A-338A5486EB15}.Release|Any CPU.ActiveCfg = Release|Any CPU
		{721FAEDE-06F9-4FEE-976A-338A5486EB15}.Release|Any CPU.Build.0 = Release|Any CPU
	EndGlobalSection
	GlobalSection(SolutionProperties) = preSolution
		HideSolutionNode = FALSE
	EndGlobalSection
	GlobalSection(ExtensibilityGlobals) = postSolution
		SolutionGuid = {58115B0B-DA78-481F-B880-041F9E9F0276}
	EndGlobalSection
EndGlobal
